// !$*UTF8*$!
{
	archiveVersion = 1;
	classes = {
	};
	objectVersion = 46;
	objects = {

/* Begin PBXBuildFile section */
		C0E8CC4D1940177100EED718 /* main.m in Sources */ = {isa = PBXBuildFile; fileRef = C0E8CC4C1940177100EED718 /* main.m */; };
		C0E8CC501940177100EED718 /* AppDelegate.m in Sources */ = {isa = PBXBuildFile; fileRef = C0E8CC4F1940177100EED718 /* AppDelegate.m */; };
		C0E8CC521940177100EED718 /* Images.xcassets in Resources */ = {isa = PBXBuildFile; fileRef = C0E8CC511940177100EED718 /* Images.xcassets */; };
		C0E8CC5E1940177200EED718 /* HealthBookImporterTests.m in Sources */ = {isa = PBXBuildFile; fileRef = C0E8CC5D1940177200EED718 /* HealthBookImporterTests.m */; };
/* End PBXBuildFile section */

/* Begin PBXContainerItemProxy section */
		C0E8CC581940177200EED718 /* PBXContainerItemProxy */ = {
			isa = PBXContainerItemProxy;
			containerPortal = C0E8CC3F1940177100EED718 /* Project object */;
			proxyType = 1;
			remoteGlobalIDString = C0E8CC461940177100EED718;
			remoteInfo = HealthBookImporter;
		};
/* End PBXContainerItemProxy section */

/* Begin PBXFileReference section */
		C0E8CC471940177100EED718 /* HealthBookImporter.app */ = {isa = PBXFileReference; explicitFileType = wrapper.application; includeInIndex = 0; path = HealthBookImporter.app; sourceTree = BUILT_PRODUCTS_DIR; };
		C0E8CC4B1940177100EED718 /* Info.plist */ = {isa = PBXFileReference; lastKnownFileType = text.plist.xml; path = Info.plist; sourceTree = "<group>"; };
		C0E8CC4C1940177100EED718 /* main.m */ = {isa = PBXFileReference; lastKnownFileType = sourcecode.c.objc; path = main.m; sourceTree = "<group>"; };
		C0E8CC4E1940177100EED718 /* AppDelegate.h */ = {isa = PBXFileReference; lastKnownFileType = sourcecode.c.h; path = AppDelegate.h; sourceTree = "<group>"; };
		C0E8CC4F1940177100EED718 /* AppDelegate.m */ = {isa = PBXFileReference; lastKnownFileType = sourcecode.c.objc; path = AppDelegate.m; sourceTree = "<group>"; };
		C0E8CC511940177100EED718 /* Images.xcassets */ = {isa = PBXFileReference; lastKnownFileType = folder.assetcatalog; path = Images.xcassets; sourceTree = "<group>"; };
		C0E8CC571940177200EED718 /* HealthBookImporterTests.xctest */ = {isa = PBXFileReference; explicitFileType = wrapper.cfbundle; includeInIndex = 0; path = HealthBookImporterTests.xctest; sourceTree = BUILT_PRODUCTS_DIR; };
		C0E8CC5C1940177200EED718 /* Info.plist */ = {isa = PBXFileReference; lastKnownFileType = text.plist.xml; path = Info.plist; sourceTree = "<group>"; };
		C0E8CC5D1940177200EED718 /* HealthBookImporterTests.m */ = {isa = PBXFileReference; lastKnownFileType = sourcecode.c.objc; path = HealthBookImporterTests.m; sourceTree = "<group>"; };
/* End PBXFileReference section */

/* Begin PBXFrameworksBuildPhase section */
		C0E8CC441940177100EED718 /* Frameworks */ = {
			isa = PBXFrameworksBuildPhase;
			buildActionMask = 2147483647;
			files = (
			);
			runOnlyForDeploymentPostprocessing = 0;
		};
		C0E8CC541940177200EED718 /* Frameworks */ = {
			isa = PBXFrameworksBuildPhase;
			buildActionMask = 2147483647;
			files = (
			);
			runOnlyForDeploymentPostprocessing = 0;
		};
/* End PBXFrameworksBuildPhase section */

/* Begin PBXGroup section */
		C0E8CC3E1940177100EED718 = {
			isa = PBXGroup;
			children = (
				C0E8CC491940177100EED718 /* HealthBookImporter */,
				C0E8CC5A1940177200EED718 /* HealthBookImporterTests */,
				C0E8CC481940177100EED718 /* Products */,
			);
			sourceTree = "<group>";
		};
		C0E8CC481940177100EED718 /* Products */ = {
			isa = PBXGroup;
			children = (
				C0E8CC471940177100EED718 /* HealthBookImporter.app */,
				C0E8CC571940177200EED718 /* HealthBookImporterTests.xctest */,
			);
			name = Products;
			sourceTree = "<group>";
		};
		C0E8CC491940177100EED718 /* HealthBookImporter */ = {
			isa = PBXGroup;
			children = (
				C0E8CC4E1940177100EED718 /* AppDelegate.h */,
				C0E8CC4F1940177100EED718 /* AppDelegate.m */,
				C0E8CC511940177100EED718 /* Images.xcassets */,
				C0E8CC4A1940177100EED718 /* Supporting Files */,
			);
			path = HealthBookImporter;
			sourceTree = "<group>";
		};
		C0E8CC4A1940177100EED718 /* Supporting Files */ = {
			isa = PBXGroup;
			children = (
				C0E8CC4B1940177100EED718 /* Info.plist */,
				C0E8CC4C1940177100EED718 /* main.m */,
			);
			name = "Supporting Files";
			sourceTree = "<group>";
		};
		C0E8CC5A1940177200EED718 /* HealthBookImporterTests */ = {
			isa = PBXGroup;
			children = (
				C0E8CC5D1940177200EED718 /* HealthBookImporterTests.m */,
				C0E8CC5B1940177200EED718 /* Supporting Files */,
			);
			path = HealthBookImporterTests;
			sourceTree = "<group>";
		};
		C0E8CC5B1940177200EED718 /* Supporting Files */ = {
			isa = PBXGroup;
			children = (
				C0E8CC5C1940177200EED718 /* Info.plist */,
			);
			name = "Supporting Files";
			sourceTree = "<group>";
		};
/* End PBXGroup section */

/* Begin PBXNativeTarget section */
		C0E8CC461940177100EED718 /* HealthBookImporter */ = {
			isa = PBXNativeTarget;
			buildConfigurationList = C0E8CC611940177200EED718 /* Build configuration list for PBXNativeTarget "HealthBookImporter" */;
			buildPhases = (
				C0E8CC431940177100EED718 /* Sources */,
				C0E8CC441940177100EED718 /* Frameworks */,
				C0E8CC451940177100EED718 /* Resources */,
			);
			buildRules = (
			);
			dependencies = (
			);
			name = HealthBookImporter;
			productName = HealthBookImporter;
			productReference = C0E8CC471940177100EED718 /* HealthBookImporter.app */;
			productType = "com.apple.product-type.application";
		};
		C0E8CC561940177200EED718 /* HealthBookImporterTests */ = {
			isa = PBXNativeTarget;
			buildConfigurationList = C0E8CC641940177200EED718 /* Build configuration list for PBXNativeTarget "HealthBookImporterTests" */;
			buildPhases = (
				C0E8CC531940177200EED718 /* Sources */,
				C0E8CC541940177200EED718 /* Frameworks */,
				C0E8CC551940177200EED718 /* Resources */,
			);
			buildRules = (
			);
			dependencies = (
				C0E8CC591940177200EED718 /* PBXTargetDependency */,
			);
			name = HealthBookImporterTests;
			productName = HealthBookImporterTests;
			productReference = C0E8CC571940177200EED718 /* HealthBookImporterTests.xctest */;
			productType = "com.apple.product-type.bundle.unit-test";
		};
/* End PBXNativeTarget section */

/* Begin PBXProject section */
		C0E8CC3F1940177100EED718 /* Project object */ = {
			isa = PBXProject;
			attributes = {
				LastUpgradeCheck = 0600;
				ORGANIZATIONNAME = "Gabriel Rinaldi";
				TargetAttributes = {
					C0E8CC461940177100EED718 = {
						CreatedOnToolsVersion = 6.0;
					};
					C0E8CC561940177200EED718 = {
						CreatedOnToolsVersion = 6.0;
						TestTargetID = C0E8CC461940177100EED718;
					};
				};
			};
			buildConfigurationList = C0E8CC421940177100EED718 /* Build configuration list for PBXProject "HealthBookImporter" */;
			compatibilityVersion = "Xcode 3.2";
			developmentRegion = English;
			hasScannedForEncodings = 0;
			knownRegions = (
				en,
			);
			mainGroup = C0E8CC3E1940177100EED718;
			productRefGroup = C0E8CC481940177100EED718 /* Products */;
			projectDirPath = "";
			projectRoot = "";
			targets = (
				C0E8CC461940177100EED718 /* HealthBookImporter */,
				C0E8CC561940177200EED718 /* HealthBookImporterTests */,
			);
		};
/* End PBXProject section */

/* Begin PBXResourcesBuildPhase section */
		C0E8CC451940177100EED718 /* Resources */ = {
			isa = PBXResourcesBuildPhase;
			buildActionMask = 2147483647;
			files = (
				C0E8CC521940177100EED718 /* Images.xcassets in Resources */,
			);
			runOnlyForDeploymentPostprocessing = 0;
		};
		C0E8CC551940177200EED718 /* Resources */ = {
			isa = PBXResourcesBuildPhase;
			buildActionMask = 2147483647;
			files = (
			);
			runOnlyForDeploymentPostprocessing = 0;
		};
/* End PBXResourcesBuildPhase section */

/* Begin PBXSourcesBuildPhase section */
		C0E8CC431940177100EED718 /* Sources */ = {
			isa = PBXSourcesBuildPhase;
			buildActionMask = 2147483647;
			files = (
				C0E8CC501940177100EED718 /* AppDelegate.m in Sources */,
				C0E8CC4D1940177100EED718 /* main.m in Sources */,
			);
			runOnlyForDeploymentPostprocessing = 0;
		};
		C0E8CC531940177200EED718 /* Sources */ = {
			isa = PBXSourcesBuildPhase;
			buildActionMask = 2147483647;
			files = (
				C0E8CC5E1940177200EED718 /* HealthBookImporterTests.m in Sources */,
			);
			runOnlyForDeploymentPostprocessing = 0;
		};
/* End PBXSourcesBuildPhase section */

/* Begin PBXTargetDependency section */
		C0E8CC591940177200EED718 /* PBXTargetDependency */ = {
			isa = PBXTargetDependency;
			target = C0E8CC461940177100EED718 /* HealthBookImporter */;
			targetProxy = C0E8CC581940177200EED718 /* PBXContainerItemProxy */;
		};
/* End PBXTargetDependency section */

/* Begin XCBuildConfiguration section */
		C0E8CC5F1940177200EED718 /* Debug */ = {
			isa = XCBuildConfiguration;
			buildSettings = {
				ALWAYS_SEARCH_USER_PATHS = NO;
				CLANG_CXX_LANGUAGE_STANDARD = "gnu++0x";
				CLANG_CXX_LIBRARY = "libc++";
				CLANG_ENABLE_MODULES = YES;
				CLANG_ENABLE_OBJC_ARC = YES;
				CLANG_WARN_BOOL_CONVERSION = YES;
				CLANG_WARN_CONSTANT_CONVERSION = YES;
				CLANG_WARN_DIRECT_OBJC_ISA_USAGE = YES_ERROR;
				CLANG_WARN_EMPTY_BODY = YES;
				CLANG_WARN_ENUM_CONVERSION = YES;
				CLANG_WARN_INT_CONVERSION = YES;
				CLANG_WARN_OBJC_ROOT_CLASS = YES_ERROR;
				CLANG_WARN_UNREACHABLE_CODE = YES;
				CLANG_WARN__DUPLICATE_METHOD_MATCH = YES;
				"CODE_SIGN_IDENTITY[sdk=iphoneos*]" = "iPhone Developer";
				COPY_PHASE_STRIP = NO;
				ENABLE_STRICT_OBJC_MSGSEND = YES;
				GCC_C_LANGUAGE_STANDARD = gnu99;
				GCC_DYNAMIC_NO_PIC = NO;
				GCC_OPTIMIZATION_LEVEL = 0;
				GCC_PREPROCESSOR_DEFINITIONS = (
					"DEBUG=1",
					"$(inherited)",
				);
				GCC_SYMBOLS_PRIVATE_EXTERN = NO;
				GCC_WARN_64_TO_32_BIT_CONVERSION = YES;
				GCC_WARN_ABOUT_RETURN_TYPE = YES_ERROR;
				GCC_WARN_UNDECLARED_SELECTOR = YES;
				GCC_WARN_UNINITIALIZED_AUTOS = YES_AGGRESSIVE;
				GCC_WARN_UNUSED_FUNCTION = YES;
				GCC_WARN_UNUSED_VARIABLE = YES;
				IPHONEOS_DEPLOYMENT_TARGET = 8.0;
				METAL_ENABLE_DEBUG_INFO = YES;
				ONLY_ACTIVE_ARCH = YES;
				SDKROOT = iphoneos;
			};
			name = Debug;
		};
		C0E8CC601940177200EED718 /* Release */ = {
			isa = XCBuildConfiguration;
			buildSettings = {
				ALWAYS_SEARCH_USER_PATHS = NO;
				CLANG_CXX_LANGUAGE_STANDARD = "gnu++0x";
				CLANG_CXX_LIBRARY = "libc++";
				CLANG_ENABLE_MODULES = YES;
				CLANG_ENABLE_OBJC_ARC = YES;
				CLANG_WARN_BOOL_CONVERSION = YES;
				CLANG_WARN_CONSTANT_CONVERSION = YES;
				CLANG_WARN_DIRECT_OBJC_ISA_USAGE = YES_ERROR;
				CLANG_WARN_EMPTY_BODY = YES;
				CLANG_WARN_ENUM_CONVERSION = YES;
				CLANG_WARN_INT_CONVERSION = YES;
				CLANG_WARN_OBJC_ROOT_CLASS = YES_ERROR;
				CLANG_WARN_UNREACHABLE_CODE = YES;
				CLANG_WARN__DUPLICATE_METHOD_MATCH = YES;
				"CODE_SIGN_IDENTITY[sdk=iphoneos*]" = "iPhone Developer";
				COPY_PHASE_STRIP = YES;
				ENABLE_NS_ASSERTIONS = NO;
				ENABLE_STRICT_OBJC_MSGSEND = YES;
				GCC_C_LANGUAGE_STANDARD = gnu99;
				GCC_WARN_64_TO_32_BIT_CONVERSION = YES;
				GCC_WARN_ABOUT_RETURN_TYPE = YES_ERROR;
				GCC_WARN_UNDECLARED_SELECTOR = YES;
				GCC_WARN_UNINITIALIZED_AUTOS = YES_AGGRESSIVE;
				GCC_WARN_UNUSED_FUNCTION = YES;
				GCC_WARN_UNUSED_VARIABLE = YES;
				IPHONEOS_DEPLOYMENT_TARGET = 8.0;
				METAL_ENABLE_DEBUG_INFO = NO;
				SDKROOT = iphoneos;
				VALIDATE_PRODUCT = YES;
			};
			name = Release;
		};
		C0E8CC621940177200EED718 /* Debug */ = {
			isa = XCBuildConfiguration;
			buildSettings = {
				ASSETCATALOG_COMPILER_APPICON_NAME = AppIcon;
				ASSETCATALOG_COMPILER_LAUNCHIMAGE_NAME = LaunchImage;
				INFOPLIST_FILE = HealthBookImporter/Info.plist;
				LD_RUNPATH_SEARCH_PATHS = "$(inherited) @executable_path/Frameworks";
				PRODUCT_NAME = "$(TARGET_NAME)";
			};
			name = Debug;
		};
		C0E8CC631940177200EED718 /* Release */ = {
			isa = XCBuildConfiguration;
			buildSettings = {
				ASSETCATALOG_COMPILER_APPICON_NAME = AppIcon;
				ASSETCATALOG_COMPILER_LAUNCHIMAGE_NAME = LaunchImage;
				INFOPLIST_FILE = HealthBookImporter/Info.plist;
				LD_RUNPATH_SEARCH_PATHS = "$(inherited) @executable_path/Frameworks";
				PRODUCT_NAME = "$(TARGET_NAME)";
			};
			name = Release;
		};
		C0E8CC651940177200EED718 /* Debug */ = {
			isa = XCBuildConfiguration;
			buildSettings = {
				BUNDLE_LOADER = "$(BUILT_PRODUCTS_DIR)/HealthBookImporter.app/HealthBookImporter";
				FRAMEWORK_SEARCH_PATHS = (
					"$(SDKROOT)/Developer/Library/Frameworks",
					"$(inherited)",
				);
				GCC_PREPROCESSOR_DEFINITIONS = (
					"DEBUG=1",
					"$(inherited)",
				);
				INFOPLIST_FILE = HealthBookImporterTests/Info.plist;
				LD_RUNPATH_SEARCH_PATHS = "$(inherited) @executable_path/Frameworks @loader_path/Frameworks";
				METAL_ENABLE_DEBUG_INFO = YES;
				PRODUCT_NAME = "$(TARGET_NAME)";
				TEST_HOST = "$(BUNDLE_LOADER)";
			};
			name = Debug;
		};
		C0E8CC661940177200EED718 /* Release */ = {
			isa = XCBuildConfiguration;
			buildSettings = {
				BUNDLE_LOADER = "$(BUILT_PRODUCTS_DIR)/HealthBookImporter.app/HealthBookImporter";
				FRAMEWORK_SEARCH_PATHS = (
					"$(SDKROOT)/Developer/Library/Frameworks",
					"$(inherited)",
				);
				INFOPLIST_FILE = HealthBookImporterTests/Info.plist;
				LD_RUNPATH_SEARCH_PATHS = "$(inherited) @executable_path/Frameworks @loader_path/Frameworks";
				METAL_ENABLE_DEBUG_INFO = NO;
				PRODUCT_NAME = "$(TARGET_NAME)";
				TEST_HOST = "$(BUNDLE_LOADER)";
			};
			name = Release;
		};
/* End XCBuildConfiguration section */

/* Begin XCConfigurationList section */
		C0E8CC421940177100EED718 /* Build configuration list for PBXProject "HealthBookImporter" */ = {
			isa = XCConfigurationList;
			buildConfigurations = (
				C0E8CC5F1940177200EED718 /* Debug */,
				C0E8CC601940177200EED718 /* Release */,
			);
			defaultConfigurationIsVisible = 0;
			defaultConfigurationName = Release;
		};
		C0E8CC611940177200EED718 /* Build configuration list for PBXNativeTarget "HealthBookImporter" */ = {
			isa = XCConfigurationList;
			buildConfigurations = (
				C0E8CC621940177200EED718 /* Debug */,
				C0E8CC631940177200EED718 /* Release */,
			);
			defaultConfigurationIsVisible = 0;
		};
		C0E8CC641940177200EED718 /* Build configuration list for PBXNativeTarget "HealthBookImporterTests" */ = {
			isa = XCConfigurationList;
			buildConfigurations = (
				C0E8CC651940177200EED718 /* Debug */,
				C0E8CC661940177200EED718 /* Release */,
			);
			defaultConfigurationIsVisible = 0;
		};
/* End XCConfigurationList section */
	};
	rootObject = C0E8CC3F1940177100EED718 /* Project object */;
}
